
Microsoft Visual Studio Solution File, Format Version 12.00
# Visual Studio 14
VisualStudioVersion = 14.0.25123.0
MinimumVisualStudioVersion = 10.0.40219.1
Project("{8BC9CEB8-8B4A-11D0-8D11-00A0C91BC942}") = "ModeS", "ModeS\ModeS.vcxproj", "{26DEB76D-3967-4550-80CE-5C9DAAFAA1FC}"
EndProject
Project("{2150E333-8FDC-42A3-9474-1A3956D46DE8}") = "Solution Items", "Solution Items", "{18F730C8-CD88-4712-992B-1049ADAFE933}"
EndProject
Global
	GlobalSection(SolutionConfigurationPlatforms) = preSolution
		Debug|Win32 = Debug|Win32
		Release|Win32 = Release|Win32
		Release-Static|Win32 = Release-Static|Win32
	EndGlobalSection
	GlobalSection(ProjectConfigurationPlatforms) = postSolution
		{26DEB76D-3967-4550-80CE-5C9DAAFAA1FC}.Debug|Win32.ActiveCfg = Debug|Win32
		{26DEB76D-3967-4550-80CE-5C9DAAFAA1FC}.Debug|Win32.Build.0 = Debug|Win32
		{26DEB76D-3967-4550-80CE-5C9DAAFAA1FC}.Release|Win32.ActiveCfg = Release|Win32
		{26DEB76D-3967-4550-80CE-5C9DAAFAA1FC}.Release|Win32.Build.0 = Release|Win32
		{26DEB76D-3967-4550-80CE-5C9DAAFAA1FC}.Release-Static|Win32.ActiveCfg = Release-Static|Win32
		{26DEB76D-3967-4550-80CE-5C9DAAFAA1FC}.Release-Static|Win32.Build.0 = Release-Static|Win32
	EndGlobalSection
	GlobalSection(SolutionProperties) = preSolution
		HideSolutionNode = FALSE
	EndGlobalSection
EndGlobal
